
Microsoft Visual Studio Solution File, Format Version 12.00
# Visual Studio 15
VisualStudioVersion = 15.0.28307.1062
MinimumVisualStudioVersion = 10.0.40219.1
Project("{FAE04EC0-301F-11D3-BF4B-00C04F79EFBC}") = "ReadLibrary", "ReadLibrary\ReadLibrary.csproj", "{43FACAC6-5A8F-4381-8788-AD4DEBE5EE9D}"
EndProject
Global
	GlobalSection(SolutionConfigurationPlatforms) = preSolution
		Debug|Any CPU = Debug|Any CPU
		Release|Any CPU = Release|Any CPU
	EndGlobalSection
	GlobalSection(ProjectConfigurationPlatforms) = postSolution
		{43FACAC6-5A8F-4381-8788-AD4DEBE5EE9D}.Debug|Any CPU.ActiveCfg = Debug|Any CPU
		{43FACAC6-5A8F-4381-8788-AD4DEBE5EE9D}.Debug|Any CPU.Build.0 = Debug|Any CPU
		{43FACAC6-5A8F-4381-8788-AD4DEBE5EE9D}.Release|Any CPU.ActiveCfg = Release|Any CPU
		{43FACAC6-5A8F-4381-8788-AD4DEBE5EE9D}.Release|Any CPU.Build.0 = Release|Any CPU
	EndGlobalSection
	GlobalSection(SolutionProperties) = preSolution
		HideSolutionNode = FALSE
	EndGlobalSection
	GlobalSection(ExtensibilityGlobals) = postSolution
		SolutionGuid = {C782EF30-CF09-4510-985C-C18DE6F0818A}
	EndGlobalSection
EndGlobal
